PODS:
  - AMap3DMap (10.1.200):
    - AMapFoundation (>= 1.8.0)
  - amap_flutter_map (0.0.1):
    - AMap3DMap
    - Flutter
  - AMapFoundation (1.8.2)
  - Flutter (1.0.0)
  - webview_flutter_wkwebview (0.0.1):
    - Flutter
    - FlutterMacOS

DEPENDENCIES:
  - amap_flutter_map (from `.symlinks/plugins/amap_flutter_map/ios`)
  - Flutter (from `Flutter`)
  - webview_flutter_wkwebview (from `.symlinks/plugins/webview_flutter_wkwebview/darwin`)

SPEC REPOS:
  trunk:
    - AMap3DMap
    - AMapFoundation

EXTERNAL SOURCES:
  amap_flutter_map:
    :path: ".symlinks/plugins/amap_flutter_map/ios"
  Flutter:
    :path: Flutter
  webview_flutter_wkwebview:
    :path: ".symlinks/plugins/webview_flutter_wkwebview/darwin"

SPEC CHECKSUMS:
  AMap3DMap: 06a11a83072857d6076c14060b2e1a676182e84d
  amap_flutter_map: 979e54d227cedac6c7504a2151bfbf3bcf96760a
  AMapFoundation: 9885c48fc3a78fdfb84a0299a2293e56ea3c9fec
  Flutter: e0871f40cf51350855a761d2e70bf5af5b9b5de7
  webview_flutter_wkwebview: a4af96a051138e28e29f60101d094683b9f82188

PODFILE CHECKSUM: 819463e6a0290f5a72f145ba7cde16e8b6ef0796

COCOAPODS: 1.12.1
